// !$*UTF8*$!
{
	archiveVersion = 1;
	classes = {
	};
	objectVersion = 77;
	objects = {

/* Begin PBXContainerItemProxy section */
		616007022CFF0C9300B6F729 /* PBXContainerItemProxy */ = {
			isa = PBXContainerItemProxy;
			containerPortal = 616006E92CFF0C9100B6F729 /* Project object */;
			proxyType = 1;
			remoteGlobalIDString = 616006F02CFF0C9100B6F729;
			remoteInfo = MorseFlasher;
		};
		6160070C2CFF0C9300B6F729 /* PBXContainerItemProxy */ = {
			isa = PBXContainerItemProxy;
			containerPortal = 616006E92CFF0C9100B6F729 /* Project object */;
			proxyType = 1;
			remoteGlobalIDString = 616006F02CFF0C9100B6F729;
			remoteInfo = MorseFlasher;
		};
/* End PBXContainerItemProxy section */

/* Begin PBXFileReference section */
		616006F12CFF0C9100B6F729 /* MorseFlasher.app */ = {isa = PBXFileReference; explicitFileType = wrapper.application; includeInIndex = 0; path = MorseFlasher.app; sourceTree = BUILT_PRODUCTS_DIR; };
		616007012CFF0C9300B6F729 /* MorseFlasherTests.xctest */ = {isa = PBXFileReference; explicitFileType = wrapper.cfbundle; includeInIndex = 0; path = MorseFlasherTests.xctest; sourceTree = BUILT_PRODUCTS_DIR; };
		6160070B2CFF0C9300B6F729 /* MorseFlasherUITests.xctest */ = {isa = PBXFileReference; explicitFileType = wrapper.cfbundle; includeInIndex = 0; path = MorseFlasherUITests.xctest; sourceTree = BUILT_PRODUCTS_DIR; };
/* End PBXFileReference section */

/* Begin PBXFileSystemSynchronizedRootGroup section */
		616006F32CFF0C9100B6F729 /* MorseFlasher */ = {
			isa = PBXFileSystemSynchronizedRootGroup;
			path = MorseFlasher;
			sourceTree = "<group>";
		};
		616007042CFF0C9300B6F729 /* MorseFlasherTests */ = {
			isa = PBXFileSystemSynchronizedRootGroup;
			path = MorseFlasherTests;
			sourceTree = "<group>";
		};
		6160070E2CFF0C9300B6F729 /* MorseFlasherUITests */ = {
			isa = PBXFileSystemSynchronizedRootGroup;
			path = MorseFlasherUITests;
			sourceTree = "<group>";
		};
/* End PBXFileSystemSynchronizedRootGroup section */

/* Begin PBXFrameworksBuildPhase section */
		616006EE2CFF0C9100B6F729 /* Frameworks */ = {
			isa = PBXFrameworksBuildPhase;
			buildActionMask = 2147483647;
			files = (
			);
			runOnlyForDeploymentPostprocessing = 0;
		};
		616006FE2CFF0C9300B6F729 /* Frameworks */ = {
			isa = PBXFrameworksBuildPhase;
			buildActionMask = 2147483647;
			files = (
			);
			runOnlyForDeploymentPostprocessing = 0;
		};
		616007082CFF0C9300B6F729 /* Frameworks */ = {
			isa = PBXFrameworksBuildPhase;
			buildActionMask = 2147483647;
			files = (
			);
			runOnlyForDeploymentPostprocessing = 0;
		};
/* End PBXFrameworksBuildPhase section */

/* Begin PBXGroup section */
		616006E82CFF0C9100B6F729 = {
			isa = PBXGroup;
			children = (
				616006F32CFF0C9100B6F729 /* MorseFlasher */,
				616007042CFF0C9300B6F729 /* MorseFlasherTests */,
				6160070E2CFF0C9300B6F729 /* MorseFlasherUITests */,
				616006F22CFF0C9100B6F729 /* Products */,
			);
			sourceTree = "<group>";
		};
		616006F22CFF0C9100B6F729 /* Products */ = {
			isa = PBXGroup;
			children = (
				616006F12CFF0C9100B6F729 /* MorseFlasher.app */,
				616007012CFF0C9300B6F729 /* MorseFlasherTests.xctest */,
				6160070B2CFF0C9300B6F729 /* MorseFlasherUITests.xctest */,
			);
			name = Products;
			sourceTree = "<group>";
		};
/* End PBXGroup section */

/* Begin PBXNativeTarget section */
		616006F02CFF0C9100B6F729 /* MorseFlasher */ = {
			isa = PBXNativeTarget;
			buildConfigurationList = 616007152CFF0C9300B6F729 /* Build configuration list for PBXNativeTarget "MorseFlasher" */;
			buildPhases = (
				616006ED2CFF0C9100B6F729 /* Sources */,
				616006EE2CFF0C9100B6F729 /* Frameworks */,
				616006EF2CFF0C9100B6F729 /* Resources */,
			);
			buildRules = (
			);
			dependencies = (
			);
			fileSystemSynchronizedGroups = (
				616006F32CFF0C9100B6F729 /* MorseFlasher */,
			);
			name = MorseFlasher;
			packageProductDependencies = (
			);
			productName = MorseFlasher;
			productReference = 616006F12CFF0C9100B6F729 /* MorseFlasher.app */;
			productType = "com.apple.product-type.application";
		};
		616007002CFF0C9300B6F729 /* MorseFlasherTests */ = {
			isa = PBXNativeTarget;
			buildConfigurationList = 616007182CFF0C9300B6F729 /* Build configuration list for PBXNativeTarget "MorseFlasherTests" */;
			buildPhases = (
				616006FD2CFF0C9300B6F729 /* Sources */,
				616006FE2CFF0C9300B6F729 /* Frameworks */,
				616006FF2CFF0C9300B6F729 /* Resources */,
			);
			buildRules = (
			);
			dependencies = (
				616007032CFF0C9300B6F729 /* PBXTargetDependency */,
			);
			fileSystemSynchronizedGroups = (
				616007042CFF0C9300B6F729 /* MorseFlasherTests */,
			);
			name = MorseFlasherTests;
			packageProductDependencies = (
			);
			productName = MorseFlasherTests;
			productReference = 616007012CFF0C9300B6F729 /* MorseFlasherTests.xctest */;
			productType = "com.apple.product-type.bundle.unit-test";
		};
		6160070A2CFF0C9300B6F729 /* MorseFlasherUITests */ = {
			isa = PBXNativeTarget;
			buildConfigurationList = 6160071B2CFF0C9300B6F729 /* Build configuration list for PBXNativeTarget "MorseFlasherUITests" */;
			buildPhases = (
				616007072CFF0C9300B6F729 /* Sources */,
				616007082CFF0C9300B6F729 /* Frameworks */,
				616007092CFF0C9300B6F729 /* Resources */,
			);
			buildRules = (
			);
			dependencies = (
				6160070D2CFF0C9300B6F729 /* PBXTargetDependency */,
			);
			fileSystemSynchronizedGroups = (
				6160070E2CFF0C9300B6F729 /* MorseFlasherUITests */,
			);
			name = MorseFlasherUITests;
			packageProductDependencies = (
			);
			productName = MorseFlasherUITests;
			productReference = 6160070B2CFF0C9300B6F729 /* MorseFlasherUITests.xctest */;
			productType = "com.apple.product-type.bundle.ui-testing";
		};
/* End PBXNativeTarget section */

/* Begin PBXProject section */
		616006E92CFF0C9100B6F729 /* Project object */ = {
			isa = PBXProject;
			attributes = {
				BuildIndependentTargetsInParallel = 1;
				LastSwiftUpdateCheck = 1610;
				LastUpgradeCheck = 1610;
				TargetAttributes = {
					616006F02CFF0C9100B6F729 = {
						CreatedOnToolsVersion = 16.1;
					};
					616007002CFF0C9300B6F729 = {
						CreatedOnToolsVersion = 16.1;
						TestTargetID = 616006F02CFF0C9100B6F729;
					};
					6160070A2CFF0C9300B6F729 = {
						CreatedOnToolsVersion = 16.1;
						TestTargetID = 616006F02CFF0C9100B6F729;
					};
				};
			};
			buildConfigurationList = 616006EC2CFF0C9100B6F729 /* Build configuration list for PBXProject "MorseFlasher" */;
			developmentRegion = en;
			hasScannedForEncodings = 0;
			knownRegions = (
				en,
				Base,
			);
			mainGroup = 616006E82CFF0C9100B6F729;
			minimizedProjectReferenceProxies = 1;
			preferredProjectObjectVersion = 77;
			productRefGroup = 616006F22CFF0C9100B6F729 /* Products */;
			projectDirPath = "";
			projectRoot = "";
			targets = (
				616006F02CFF0C9100B6F729 /* MorseFlasher */,
				616007002CFF0C9300B6F729 /* MorseFlasherTests */,
				6160070A2CFF0C9300B6F729 /* MorseFlasherUITests */,
			);
		};
/* End PBXProject section */

/* Begin PBXResourcesBuildPhase section */
		616006EF2CFF0C9100B6F729 /* Resources */ = {
			isa = PBXResourcesBuildPhase;
			buildActionMask = 2147483647;
			files = (
			);
			runOnlyForDeploymentPostprocessing = 0;
		};
		616006FF2CFF0C9300B6F729 /* Resources */ = {
			isa = PBXResourcesBuildPhase;
			buildActionMask = 2147483647;
			files = (
			);
			runOnlyForDeploymentPostprocessing = 0;
		};
		616007092CFF0C9300B6F729 /* Resources */ = {
			isa = PBXResourcesBuildPhase;
			buildActionMask = 2147483647;
			files = (
			);
			runOnlyForDeploymentPostprocessing = 0;
		};
/* End PBXResourcesBuildPhase section */

/* Begin PBXSourcesBuildPhase section */
		616006ED2CFF0C9100B6F729 /* Sources */ = {
			isa = PBXSourcesBuildPhase;
			buildActionMask = 2147483647;
			files = (
			);
			runOnlyForDeploymentPostprocessing = 0;
		};
		616006FD2CFF0C9300B6F729 /* Sources */ = {
			isa = PBXSourcesBuildPhase;
			buildActionMask = 2147483647;
			files = (
			);
			runOnlyForDeploymentPostprocessing = 0;
		};
		616007072CFF0C9300B6F729 /* Sources */ = {
			isa = PBXSourcesBuildPhase;
			buildActionMask = 2147483647;
			files = (
			);
			runOnlyForDeploymentPostprocessing = 0;
		};
/* End PBXSourcesBuildPhase section */

/* Begin PBXTargetDependency section */
		616007032CFF0C9300B6F729 /* PBXTargetDependency */ = {
			isa = PBXTargetDependency;
			target = 616006F02CFF0C9100B6F729 /* MorseFlasher */;
			targetProxy = 616007022CFF0C9300B6F729 /* PBXContainerItemProxy */;
		};
		6160070D2CFF0C9300B6F729 /* PBXTargetDependency */ = {
			isa = PBXTargetDependency;
			target = 616006F02CFF0C9100B6F729 /* MorseFlasher */;
			targetProxy = 6160070C2CFF0C9300B6F729 /* PBXContainerItemProxy */;
		};
/* End PBXTargetDependency section */

/* Begin XCBuildConfiguration section */
		616007132CFF0C9300B6F729 /* Debug */ = {
			isa = XCBuildConfiguration;
			buildSettings = {
				ALWAYS_SEARCH_USER_PATHS = NO;
				ASSETCATALOG_COMPILER_GENERATE_SWIFT_ASSET_SYMBOL_EXTENSIONS = YES;
				CLANG_ANALYZER_NONNULL = YES;
				CLANG_ANALYZER_NUMBER_OBJECT_CONVERSION = YES_AGGRESSIVE;
				CLANG_CXX_LANGUAGE_STANDARD = "gnu++20";
				CLANG_ENABLE_MODULES = YES;
				CLANG_ENABLE_OBJC_ARC = YES;
				CLANG_ENABLE_OBJC_WEAK = YES;
				CLANG_WARN_BLOCK_CAPTURE_AUTORELEASING = YES;
				CLANG_WARN_BOOL_CONVERSION = YES;
				CLANG_WARN_COMMA = YES;
				CLANG_WARN_CONSTANT_CONVERSION = YES;
				CLANG_WARN_DEPRECATED_OBJC_IMPLEMENTATIONS = YES;
				CLANG_WARN_DIRECT_OBJC_ISA_USAGE = YES_ERROR;
				CLANG_WARN_DOCUMENTATION_COMMENTS = YES;
				CLANG_WARN_EMPTY_BODY = YES;
				CLANG_WARN_ENUM_CONVERSION = YES;
				CLANG_WARN_INFINITE_RECURSION = YES;
				CLANG_WARN_INT_CONVERSION = YES;
				CLANG_WARN_NON_LITERAL_NULL_CONVERSION = YES;
				CLANG_WARN_OBJC_IMPLICIT_RETAIN_SELF = YES;
				CLANG_WARN_OBJC_LITERAL_CONVERSION = YES;
				CLANG_WARN_OBJC_ROOT_CLASS = YES_ERROR;
				CLANG_WARN_QUOTED_INCLUDE_IN_FRAMEWORK_HEADER = YES;
				CLANG_WARN_RANGE_LOOP_ANALYSIS = YES;
				CLANG_WARN_STRICT_PROTOTYPES = YES;
				CLANG_WARN_SUSPICIOUS_MOVE = YES;
				CLANG_WARN_UNGUARDED_AVAILABILITY = YES_AGGRESSIVE;
				CLANG_WARN_UNREACHABLE_CODE = YES;
				CLANG_WARN__DUPLICATE_METHOD_MATCH = YES;
				COPY_PHASE_STRIP = NO;
				DEBUG_INFORMATION_FORMAT = dwarf;
				ENABLE_STRICT_OBJC_MSGSEND = YES;
				ENABLE_TESTABILITY = YES;
				ENABLE_USER_SCRIPT_SANDBOXING = YES;
				GCC_C_LANGUAGE_STANDARD = gnu17;
				GCC_DYNAMIC_NO_PIC = NO;
				GCC_NO_COMMON_BLOCKS = YES;
				GCC_OPTIMIZATION_LEVEL = 0;
				GCC_PREPROCESSOR_DEFINITIONS = (
					"DEBUG=1",
					"$(inherited)",
				);
				GCC_WARN_64_TO_32_BIT_CONVERSION = YES;
				GCC_WARN_ABOUT_RETURN_TYPE = YES_ERROR;
				GCC_WARN_UNDECLARED_SELECTOR = YES;
				GCC_WARN_UNINITIALIZED_AUTOS = YES_AGGRESSIVE;
				GCC_WARN_UNUSED_FUNCTION = YES;
				GCC_WARN_UNUSED_VARIABLE = YES;
				IPHONEOS_DEPLOYMENT_TARGET = 18.1;
				LOCALIZATION_PREFERS_STRING_CATALOGS = YES;
				MTL_ENABLE_DEBUG_INFO = INCLUDE_SOURCE;
				MTL_FAST_MATH = YES;
				ONLY_ACTIVE_ARCH = YES;
				SDKROOT = iphoneos;
				SWIFT_ACTIVE_COMPILATION_CONDITIONS = "DEBUG $(inherited)";
				SWIFT_OPTIMIZATION_LEVEL = "-Onone";
			};
			name = Debug;
		};
		616007142CFF0C9300B6F729 /* Release */ = {
			isa = XCBuildConfiguration;
			buildSettings = {
				ALWAYS_SEARCH_USER_PATHS = NO;
				ASSETCATALOG_COMPILER_GENERATE_SWIFT_ASSET_SYMBOL_EXTENSIONS = YES;
				CLANG_ANALYZER_NONNULL = YES;
				CLANG_ANALYZER_NUMBER_OBJECT_CONVERSION = YES_AGGRESSIVE;
				CLANG_CXX_LANGUAGE_STANDARD = "gnu++20";
				CLANG_ENABLE_MODULES = YES;
				CLANG_ENABLE_OBJC_ARC = YES;
				CLANG_ENABLE_OBJC_WEAK = YES;
				CLANG_WARN_BLOCK_CAPTURE_AUTORELEASING = YES;
				CLANG_WARN_BOOL_CONVERSION = YES;
				CLANG_WARN_COMMA = YES;
				CLANG_WARN_CONSTANT_CONVERSION = YES;
				CLANG_WARN_DEPRECATED_OBJC_IMPLEMENTATIONS = YES;
				CLANG_WARN_DIRECT_OBJC_ISA_USAGE = YES_ERROR;
				CLANG_WARN_DOCUMENTATION_COMMENTS = YES;
				CLANG_WARN_EMPTY_BODY = YES;
				CLANG_WARN_ENUM_CONVERSION = YES;
				CLANG_WARN_INFINITE_RECURSION = YES;
				CLANG_WARN_INT_CONVERSION = YES;
				CLANG_WARN_NON_LITERAL_NULL_CONVERSION = YES;
				CLANG_WARN_OBJC_IMPLICIT_RETAIN_SELF = YES;
				CLANG_WARN_OBJC_LITERAL_CONVERSION = YES;
				CLANG_WARN_OBJC_ROOT_CLASS = YES_ERROR;
				CLANG_WARN_QUOTED_INCLUDE_IN_FRAMEWORK_HEADER = YES;
				CLANG_WARN_RANGE_LOOP_ANALYSIS = YES;
				CLANG_WARN_STRICT_PROTOTYPES = YES;
				CLANG_WARN_SUSPICIOUS_MOVE = YES;
				CLANG_WARN_UNGUARDED_AVAILABILITY = YES_AGGRESSIVE;
				CLANG_WARN_UNREACHABLE_CODE = YES;
				CLANG_WARN__DUPLICATE_METHOD_MATCH = YES;
				COPY_PHASE_STRIP = NO;
				DEBUG_INFORMATION_FORMAT = "dwarf-with-dsym";
				ENABLE_NS_ASSERTIONS = NO;
				ENABLE_STRICT_OBJC_MSGSEND = YES;
				ENABLE_USER_SCRIPT_SANDBOXING = YES;
				GCC_C_LANGUAGE_STANDARD = gnu17;
				GCC_NO_COMMON_BLOCKS = YES;
				GCC_WARN_64_TO_32_BIT_CONVERSION = YES;
				GCC_WARN_ABOUT_RETURN_TYPE = YES_ERROR;
				GCC_WARN_UNDECLARED_SELECTOR = YES;
				GCC_WARN_UNINITIALIZED_AUTOS = YES_AGGRESSIVE;
				GCC_WARN_UNUSED_FUNCTION = YES;
				GCC_WARN_UNUSED_VARIABLE = YES;
				IPHONEOS_DEPLOYMENT_TARGET = 18.1;
				LOCALIZATION_PREFERS_STRING_CATALOGS = YES;
				MTL_ENABLE_DEBUG_INFO = NO;
				MTL_FAST_MATH = YES;
				SDKROOT = iphoneos;
				SWIFT_COMPILATION_MODE = wholemodule;
				VALIDATE_PRODUCT = YES;
			};
			name = Release;
		};
		616007162CFF0C9300B6F729 /* Debug */ = {
			isa = XCBuildConfiguration;
			buildSettings = {
				ASSETCATALOG_COMPILER_APPICON_NAME = AppIcon;
				ASSETCATALOG_COMPILER_GLOBAL_ACCENT_COLOR_NAME = AccentColor;
				CODE_SIGN_STYLE = Automatic;
				CURRENT_PROJECT_VERSION = 1;
				DEVELOPMENT_ASSET_PATHS = "\"MorseFlasher/Preview Content\"";
				ENABLE_PREVIEWS = YES;
				GENERATE_INFOPLIST_FILE = YES;
				INFOPLIST_KEY_UIApplicationSceneManifest_Generation = YES;
				INFOPLIST_KEY_UIApplicationSupportsIndirectInputEvents = YES;
				INFOPLIST_KEY_UILaunchScreen_Generation = YES;
				INFOPLIST_KEY_UISupportedInterfaceOrientations_iPad = "UIInterfaceOrientationPortrait UIInterfaceOrientationPortraitUpsideDown UIInterfaceOrientationLandscapeLeft UIInterfaceOrientationLandscapeRight";
				INFOPLIST_KEY_UISupportedInterfaceOrientations_iPhone = "UIInterfaceOrientationPortrait UIInterfaceOrientationLandscapeLeft UIInterfaceOrientationLandscapeRight";
				IPHONEOS_DEPLOYMENT_TARGET = 18.0;
				LD_RUNPATH_SEARCH_PATHS = (
					"$(inherited)",
					"@executable_path/Frameworks",
				);
				MARKETING_VERSION = 1.0;
				PRODUCT_BUNDLE_IDENTIFIER = test.MorseFlasher;
				PRODUCT_NAME = "$(TARGET_NAME)";
				SWIFT_EMIT_LOC_STRINGS = YES;
				SWIFT_VERSION = 5.0;
				TARGETED_DEVICE_FAMILY = "1,2";
			};
			name = Debug;
		};
		616007172CFF0C9300B6F729 /* Release */ = {
			isa = XCBuildConfiguration;
			buildSettings = {
				ASSETCATALOG_COMPILER_APPICON_NAME = AppIcon;
				ASSETCATALOG_COMPILER_GLOBAL_ACCENT_COLOR_NAME = AccentColor;
				CODE_SIGN_STYLE = Automatic;
				CURRENT_PROJECT_VERSION = 1;
				DEVELOPMENT_ASSET_PATHS = "\"MorseFlasher/Preview Content\"";
				ENABLE_PREVIEWS = YES;
				GENERATE_INFOPLIST_FILE = YES;
				INFOPLIST_KEY_UIApplicationSceneManifest_Generation = YES;
				INFOPLIST_KEY_UIApplicationSupportsIndirectInputEvents = YES;
				INFOPLIST_KEY_UILaunchScreen_Generation = YES;
				INFOPLIST_KEY_UISupportedInterfaceOrientations_iPad = "UIInterfaceOrientationPortrait UIInterfaceOrientationPortraitUpsideDown UIInterfaceOrientationLandscapeLeft UIInterfaceOrientationLandscapeRight";
				INFOPLIST_KEY_UISupportedInterfaceOrientations_iPhone = "UIInterfaceOrientationPortrait UIInterfaceOrientationLandscapeLeft UIInterfaceOrientationLandscapeRight";
				IPHONEOS_DEPLOYMENT_TARGET = 18.0;
				LD_RUNPATH_SEARCH_PATHS = (
					"$(inherited)",
					"@executable_path/Frameworks",
				);
				MARKETING_VERSION = 1.0;
				PRODUCT_BUNDLE_IDENTIFIER = test.MorseFlasher;
				PRODUCT_NAME = "$(TARGET_NAME)";
				SWIFT_EMIT_LOC_STRINGS = YES;
				SWIFT_VERSION = 5.0;
				TARGETED_DEVICE_FAMILY = "1,2";
			};
			name = Release;
		};
		616007192CFF0C9300B6F729 /* Debug */ = {
			isa = XCBuildConfiguration;
			buildSettings = {
				BUNDLE_LOADER = "$(TEST_HOST)";
				CODE_SIGN_STYLE = Automatic;
				CURRENT_PROJECT_VERSION = 1;
				GENERATE_INFOPLIST_FILE = YES;
				IPHONEOS_DEPLOYMENT_TARGET = 18.1;
				MARKETING_VERSION = 1.0;
				PRODUCT_BUNDLE_IDENTIFIER = test.MorseFlasherTests;
				PRODUCT_NAME = "$(TARGET_NAME)";
				SWIFT_EMIT_LOC_STRINGS = NO;
				SWIFT_VERSION = 5.0;
				TARGETED_DEVICE_FAMILY = "1,2";
				TEST_HOST = "$(BUILT_PRODUCTS_DIR)/MorseFlasher.app/$(BUNDLE_EXECUTABLE_FOLDER_PATH)/MorseFlasher";
			};
			name = Debug;
		};
		6160071A2CFF0C9300B6F729 /* Release */ = {
			isa = XCBuildConfiguration;
			buildSettings = {
				BUNDLE_LOADER = "$(TEST_HOST)";
				CODE_SIGN_STYLE = Automatic;
				CURRENT_PROJECT_VERSION = 1;
				GENERATE_INFOPLIST_FILE = YES;
				IPHONEOS_DEPLOYMENT_TARGET = 18.1;
				MARKETING_VERSION = 1.0;
				PRODUCT_BUNDLE_IDENTIFIER = test.MorseFlasherTests;
				PRODUCT_NAME = "$(TARGET_NAME)";
				SWIFT_EMIT_LOC_STRINGS = NO;
				SWIFT_VERSION = 5.0;
				TARGETED_DEVICE_FAMILY = "1,2";
				TEST_HOST = "$(BUILT_PRODUCTS_DIR)/MorseFlasher.app/$(BUNDLE_EXECUTABLE_FOLDER_PATH)/MorseFlasher";
			};
			name = Release;
		};
		6160071C2CFF0C9300B6F729 /* Debug */ = {
			isa = XCBuildConfiguration;
			buildSettings = {
				CODE_SIGN_STYLE = Automatic;
				CURRENT_PROJECT_VERSION = 1;
				GENERATE_INFOPLIST_FILE = YES;
				MARKETING_VERSION = 1.0;
				PRODUCT_BUNDLE_IDENTIFIER = test.MorseFlasherUITests;
				PRODUCT_NAME = "$(TARGET_NAME)";
				SWIFT_EMIT_LOC_STRINGS = NO;
				SWIFT_VERSION = 5.0;
				TARGETED_DEVICE_FAMILY = "1,2";
				TEST_TARGET_NAME = MorseFlasher;
			};
			name = Debug;
		};
		6160071D2CFF0C9300B6F729 /* Release */ = {
			isa = XCBuildConfiguration;
			buildSettings = {
				CODE_SIGN_STYLE = Automatic;
				CURRENT_PROJECT_VERSION = 1;
				GENERATE_INFOPLIST_FILE = YES;
				MARKETING_VERSION = 1.0;
				PRODUCT_BUNDLE_IDENTIFIER = test.MorseFlasherUITests;
				PRODUCT_NAME = "$(TARGET_NAME)";
				SWIFT_EMIT_LOC_STRINGS = NO;
				SWIFT_VERSION = 5.0;
				TARGETED_DEVICE_FAMILY = "1,2";
				TEST_TARGET_NAME = MorseFlasher;
			};
			name = Release;
		};
/* End XCBuildConfiguration section */

/* Begin XCConfigurationList section */
		616006EC2CFF0C9100B6F729 /* Build configuration list for PBXProject "MorseFlasher" */ = {
			isa = XCConfigurationList;
			buildConfigurations = (
				616007132CFF0C9300B6F729 /* Debug */,
				616007142CFF0C9300B6F729 /* Release */,
			);
			defaultConfigurationIsVisible = 0;
			defaultConfigurationName = Release;
		};
		616007152CFF0C9300B6F729 /* Build configuration list for PBXNativeTarget "MorseFlasher" */ = {
			isa = XCConfigurationList;
			buildConfigurations = (
				616007162CFF0C9300B6F729 /* Debug */,
				616007172CFF0C9300B6F729 /* Release */,
			);
			defaultConfigurationIsVisible = 0;
			defaultConfigurationName = Release;
		};
		616007182CFF0C9300B6F729 /* Build configuration list for PBXNativeTarget "MorseFlasherTests" */ = {
			isa = XCConfigurationList;
			buildConfigurations = (
				616007192CFF0C9300B6F729 /* Debug */,
				6160071A2CFF0C9300B6F729 /* Release */,
			);
			defaultConfigurationIsVisible = 0;
			defaultConfigurationName = Release;
		};
		6160071B2CFF0C9300B6F729 /* Build configuration list for PBXNativeTarget "MorseFlasherUITests" */ = {
			isa = XCConfigurationList;
			buildConfigurations = (
				6160071C2CFF0C9300B6F729 /* Debug */,
				6160071D2CFF0C9300B6F729 /* Release */,
			);
			defaultConfigurationIsVisible = 0;
			defaultConfigurationName = Release;
		};
/* End XCConfigurationList section */
	};
	rootObject = 616006E92CFF0C9100B6F729 /* Project object */;
}
